<?xml version="1.0" encoding="utf-8"?>
<Project ToolsVersion="4.0" xmlns="http://schemas.microsoft.com/developer/msbuild/2003">
  <ItemGroup>
    <Filter Include="Source Files">
      <UniqueIdentifier>{4FC737F1-C7A5-4376-A066-2A32D752A2FF}</UniqueIdentifier>
      <Extensions>cpp;c;cc;cxx;c++;cppm;ixx;def;odl;idl;hpj;bat;asm;asmx</Extensions>
    </Filter>
    <Filter Include="Header Files">
      <UniqueIdentifier>{93995380-89BD-4b04-88EB-625FBE52EBFB}</UniqueIdentifier>
      <Extensions>h;hh;hpp;hxx;h++;hm;inl;inc;ipp;xsd</Extensions>
    </Filter>
    <Filter Include="Resource Files">
      <UniqueIdentifier>{67DA6AB6-F800-4c08-8B7A-83BB121AAD01}</UniqueIdentifier>
      <Extensions>rc;ico;cur;bmp;dlg;rc2;rct;bin;rgs;gif;jpg;jpeg;jpe;resx;tiff;tif;png;wav;mfcribbon-ms</Extensions>
    </Filter>
  </ItemGroup>
  <ItemGroup>
    <ClInclude Include="framework.h">
      <Filter>Header Files</Filter>
    </ClInclude>
    <ClInclude Include="targetver.h">
      <Filter>Header Files</Filter>
    </ClInclude>
    <ClInclude Include="Resource.h">
      <Filter>Header Files</Filter>
    </ClInclude>
    <ClInclude Include="Research.h">
      <Filter>Header Files</Filter>
    </ClInclude>
  </ItemGroup>
  <ItemGroup>
    <ClCompile Include="Research.cpp">
      <Filter>Source Files</Filter>
    </ClCompile>
  </ItemGroup>
  <ItemGroup>
    <ResourceCompile Include="Research.rc">
      <Filter>Resource Files</Filter>
    </ResourceCompile>
  </ItemGroup>
  <ItemGroup>
    <Image Include="small.ico">
      <Filter>Resource Files</Filter>
    </Image>
    <Image Include="Research.ico">
      <Filter>Resource Files</Filter>
    </Image>
    <Image Include="Sprites\Debug\hitbox.png">
      <Filter>Resource Files</Filter>
    </Image>
    <Image Include="Sprites\Debug\hurtbox.png">
      <Filter>Resource Files</Filter>
    </Image>
    <Image Include="Sprites\Enemies\LeafDownHitstun.png">
      <Filter>Resource Files</Filter>
    </Image>
    <Image Include="Sprites\Enemies\LeafDownRollAttack1.png">
      <Filter>Resource Files</Filter>
    </Image>
    <Image Include="Sprites\Enemies\LeafDownRollAttack2.png">
      <Filter>Resource Files</Filter>
    </Image>
    <Image Include="Sprites\Enemies\LeafDownRollAttack3.png">
      <Filter>Resource Files</Filter>
    </Image>
    <Image Include="Sprites\Enemies\LeafDownRollAttack4.png">
      <Filter>Resource Files</Filter>
    </Image>
    <Image Include="Sprites\Enemies\LeafDownRollAttack5.png">
      <Filter>Resource Files</Filter>
    </Image>
    <Image Include="Sprites\Enemies\LeafDownRollAttack6.png">
      <Filter>Resource Files</Filter>
    </Image>
    <Image Include="Sprites\Enemies\LeafDownStationary.png">
      <Filter>Resource Files</Filter>
    </Image>
    <Image Include="Sprites\Enemies\LeafDownWalkingLeft.png">
      <Filter>Resource Files</Filter>
    </Image>
    <Image Include="Sprites\Enemies\LeafDownWalkingRight.png">
      <Filter>Resource Files</Filter>
    </Image>
    <Image Include="Sprites\Environment\testBackground.png">
      <Filter>Resource Files</Filter>
    </Image>
    <Image Include="Sprites\Player\playerLevelUp.png">
      <Filter>Resource Files</Filter>
    </Image>
    <Image Include="Sprites\Player\playerLevelUp1.png">
      <Filter>Resource Files</Filter>
    </Image>
    <Image Include="Sprites\Player\playerLevelUp2.png">
      <Filter>Resource Files</Filter>
    </Image>
    <Image Include="Sprites\Player\playerstationarydown.png">
      <Filter>Resource Files</Filter>
    </Image>
    <Image Include="Sprites\Player\playerstationaryleft.png">
      <Filter>Resource Files</Filter>
    </Image>
    <Image Include="Sprites\Player\playerstationaryright.png">
      <Filter>Resource Files</Filter>
    </Image>
    <Image Include="Sprites\Player\playerstationaryup.png">
      <Filter>Resource Files</Filter>
    </Image>
    <Image Include="Sprites\Player\playerstationaryupbasicattack0.png">
      <Filter>Resource Files</Filter>
    </Image>
    <Image Include="Sprites\Player\playerstationaryupbasicattack1.png">
      <Filter>Resource Files</Filter>
    </Image>
    <Image Include="Sprites\Player\playerstationaryupbasicattack2.png">
      <Filter>Resource Files</Filter>
    </Image>
    <Image Include="Sprites\Player\playerstationaryupbasicattack3.png">
      <Filter>Resource Files</Filter>
    </Image>
    <Image Include="Sprites\Player\playerstationaryupbasicattack4.png">
      <Filter>Resource Files</Filter>
    </Image>
    <Image Include="Sprites\Player\playerstationaryupbasicattack5.png">
      <Filter>Resource Files</Filter>
    </Image>
    <Image Include="Sprites\Player\playerstationaryupbasicattack6.png">
      <Filter>Resource Files</Filter>
    </Image>
    <Image Include="Sprites\Player\playerstationaryupbasicattack7.png">
      <Filter>Resource Files</Filter>
    </Image>
    <Image Include="Sprites\Player\playerstationaryupbasicattack8.png">
      <Filter>Resource Files</Filter>
    </Image>
    <Image Include="Sprites\Player\playerwalkingdownleft.png">
      <Filter>Resource Files</Filter>
    </Image>
    <Image Include="Sprites\Player\playerwalkingdownright.png">
      <Filter>Resource Files</Filter>
    </Image>
    <Image Include="Sprites\Player\playerwalkingleftleft.png">
      <Filter>Resource Files</Filter>
    </Image>
    <Image Include="Sprites\Player\playerwalkingleftright.png">
      <Filter>Resource Files</Filter>
    </Image>
    <Image Include="Sprites\Player\playerwalkingrightleft.png">
      <Filter>Resource Files</Filter>
    </Image>
    <Image Include="Sprites\Player\playerwalkingrightright.png">
      <Filter>Resource Files</Filter>
    </Image>
    <Image Include="Sprites\Player\playerwalkingupleft.png">
      <Filter>Resource Files</Filter>
    </Image>
    <Image Include="Sprites\Player\playerwalkingupright.png">
      <Filter>Resource Files</Filter>
    </Image>
    <Image Include="Sprites\UI\EXPBar_Filling.png">
      <Filter>Resource Files</Filter>
    </Image>
    <Image Include="Sprites\UI\EXPBar_Shell.png">
      <Filter>Resource Files</Filter>
    </Image>
    <Image Include="Sprites\UI\Focused_Level_Up_Screen.png">
      <Filter>Resource Files</Filter>
    </Image>
    <Image Include="Sprites\UI\HP_MP_EXP_ShellPrototype.png">
      <Filter>Resource Files</Filter>
    </Image>
    <Image Include="Sprites\UI\HPBar_Filling.png">
      <Filter>Resource Files</Filter>
    </Image>
    <Image Include="Sprites\UI\HPBar_Shell.png">
      <Filter>Resource Files</Filter>
    </Image>
    <Image Include="Sprites\UI\Level_Up_Back_Button_Pressed.png">
      <Filter>Resource Files</Filter>
    </Image>
    <Image Include="Sprites\UI\Level_Up_Back_Button_Unpressed.png">
      <Filter>Resource Files</Filter>
    </Image>
    <Image Include="Sprites\UI\Level_Up_Confirm_Button_Pressed.png">
      <Filter>Resource Files</Filter>
    </Image>
    <Image Include="Sprites\UI\Level_Up_Confirm_Button_Unpressed.png">
      <Filter>Resource Files</Filter>
    </Image>
    <Image Include="Sprites\UI\MPBar_Filling.png">
      <Filter>Resource Files</Filter>
    </Image>
    <Image Include="Sprites\UI\MPBar_Shell.png">
      <Filter>Resource Files</Filter>
    </Image>
    <Image Include="Sprites\Undetermined\Dinosaur Portrait.png">
      <Filter>Resource Files</Filter>
    </Image>
    <Image Include="Sprites\Undetermined\emotions enemy.png">
      <Filter>Resource Files</Filter>
    </Image>
    <Image Include="Sprites\Undetermined\Gooby.png">
      <Filter>Resource Files</Filter>
    </Image>
    <Image Include="Sprites\Undetermined\gurby.png">
      <Filter>Resource Files</Filter>
    </Image>
    <Image Include="Sprites\Undetermined\Gurby2.1.png">
      <Filter>Resource Files</Filter>
    </Image>
    <Image Include="Sprites\Undetermined\pixil-frame-0.png">
      <Filter>Resource Files</Filter>
    </Image>
    <Image Include="Sprites\Weapons\testswordbasicattackup0.png">
      <Filter>Resource Files</Filter>
    </Image>
    <Image Include="Sprites\Weapons\testswordbasicattackup1.png">
      <Filter>Resource Files</Filter>
    </Image>
    <Image Include="Sprites\Weapons\testswordbasicattackup2.png">
      <Filter>Resource Files</Filter>
    </Image>
    <Image Include="Sprites\Weapons\testswordbasicattackup3.png">
      <Filter>Resource Files</Filter>
    </Image>
    <Image Include="Sprites\Weapons\testswordbasicattackup4.png">
      <Filter>Resource Files</Filter>
    </Image>
    <Image Include="Sprites\Weapons\testswordbasicattackup5.png">
      <Filter>Resource Files</Filter>
    </Image>
    <Image Include="Sprites\Weapons\testswordbasicattackup6.png">
      <Filter>Resource Files</Filter>
    </Image>
    <Image Include="Sprites\Weapons\testswordbasicattackup7.png">
      <Filter>Resource Files</Filter>
    </Image>
    <Image Include="Sprites\Weapons\testswordbasicattackup8.png">
      <Filter>Resource Files</Filter>
    </Image>
    <Image Include="Sprites\leafdownwalkingleftlarge.png">
      <Filter>Resource Files</Filter>
    </Image>
    <Image Include="Sprites\leafstationarydownlarge.png">
      <Filter>Resource Files</Filter>
    </Image>
    <Image Include="Sprites\leafwalkingdownrightlarge.png">
      <Filter>Resource Files</Filter>
    </Image>
    <Image Include="Sprites\UI\Level_Up_Overworld_Text_1.png">
      <Filter>Resource Files</Filter>
    </Image>
    <Image Include="Sprites\UI\Level_Up_Overworld_Text_2.png">
      <Filter>Resource Files</Filter>
    </Image>
    <Image Include="Sprites\UI\Level_Up_Overworld_Text_3.png">
      <Filter>Resource Files</Filter>
    </Image>
    <Image Include="Sprites\UI\Level_Up_Overworld_Text_4.png">
      <Filter>Resource Files</Filter>
    </Image>
    <Image Include="Sprites\UI\Level_Up_Overworld_Text_5.png">
      <Filter>Resource Files</Filter>
    </Image>
    <Image Include="Sprites\UI\Level_Up_Overworld_Text_6.png">
      <Filter>Resource Files</Filter>
    </Image>
    <Image Include="Sprites\UI\Level_Up_Overworld_Text_7.png">
      <Filter>Resource Files</Filter>
    </Image>
  </ItemGroup>
</Project>